
Microsoft Visual Studio Solution File, Format Version 12.00
# Visual Studio Version 17
VisualStudioVersion = 17.13.35931.197 d17.13
MinimumVisualStudioVersion = 10.0.40219.1
Project("{2150E333-8FDC-42A3-9474-1A3956D46DE8}") = "src", "src", "{02EA681E-C7D8-13C7-8484-4AC65E1B71E8}"
EndProject
Project("{2150E333-8FDC-42A3-9474-1A3956D46DE8}") = "docs", "docs", "{4368CC29-A452-45AC-95FD-3DB8AEBC46F3}"
EndProject
Project("{2150E333-8FDC-42A3-9474-1A3956D46DE8}") = "tests", "tests", "{7FE2693A-ACC9-410C-B233-9ED1478434B3}"
EndProject
Project("{2150E333-8FDC-42A3-9474-1A3956D46DE8}") = "Invx", "Invx", "{3BBFA6CF-4EDE-4883-B73A-F597F1C117F7}"
EndProject
Project("{FAE04EC0-301F-11D3-BF4B-00C04F79EFBC}") = "Invx.Api", "src\Invx\Invx.Api\Invx.Api.csproj", "{2B4CBACB-B6C5-45DF-8015-C4E96F6FE49E}"
EndProject
Project("{2150E333-8FDC-42A3-9474-1A3956D46DE8}") = "Solution Items", "Solution Items", "{8EC462FD-D22E-90A8-E5CE-7E832BA40C5D}"
	ProjectSection(SolutionItems) = preProject
		Directory.Build.props = Directory.Build.props
		Directory.Packages.props = Directory.Packages.props
		LICENSE = LICENSE
		README.md = README.md
	EndProjectSection
EndProject
Project("{2150E333-8FDC-42A3-9474-1A3956D46DE8}") = "Invx.Invoicing", "Invx.Invoicing", "{D0F7B7E3-404D-45C9-87AE-C5A90551619B}"
EndProject
Project("{FAE04EC0-301F-11D3-BF4B-00C04F79EFBC}") = "Invx.Invoicing.Domain", "src\Invx.Invoicing\Invx.Invoicing.Domain\Invx.Invoicing.Domain.csproj", "{B576CBAD-FD32-4614-BF49-FE852B5508EC}"
EndProject
Project("{2150E333-8FDC-42A3-9474-1A3956D46DE8}") = "Invx.SharedKernel", "Invx.SharedKernel", "{D275D6A0-063E-4196-9EE1-0E6D1704B176}"
EndProject
Project("{FAE04EC0-301F-11D3-BF4B-00C04F79EFBC}") = "Invx.SharedKernel.Api", "src\Invx.SharedKernel\Invx.SharedKernel.Api\Invx.SharedKernel.Api.csproj", "{A5D82C96-229D-4440-B4BF-B7DB7E13C531}"
EndProject
Project("{FAE04EC0-301F-11D3-BF4B-00C04F79EFBC}") = "Invx.SharedKernel.Infrastructure", "src\Invx.SharedKernel\Invx.SharedKernel.Infrastructure\Invx.SharedKernel.Infrastructure.csproj", "{2639C61B-30E5-40C1-B9C6-9B66F76096D3}"
EndProject
Project("{FAE04EC0-301F-11D3-BF4B-00C04F79EFBC}") = "Invx.SharedKernel.Domain", "src\Invx.SharedKernel\Invx.SharedKernel.Domain\Invx.SharedKernel.Domain.csproj", "{F6D28644-3A15-4F53-AB1A-CC9880B84B75}"
EndProject
Project("{FAE04EC0-301F-11D3-BF4B-00C04F79EFBC}") = "Invx.SharedKernel.Application", "src\Invx.SharedKernel\Invx.SharedKernel.Application\Invx.SharedKernel.Application.csproj", "{B349F704-CAB6-4EC7-BD67-430561216201}"
EndProject
Global
	GlobalSection(SolutionConfigurationPlatforms) = preSolution
		Debug|Any CPU = Debug|Any CPU
		Release|Any CPU = Release|Any CPU
	EndGlobalSection
	GlobalSection(ProjectConfigurationPlatforms) = postSolution
		{2B4CBACB-B6C5-45DF-8015-C4E96F6FE49E}.Debug|Any CPU.ActiveCfg = Debug|Any CPU
		{2B4CBACB-B6C5-45DF-8015-C4E96F6FE49E}.Debug|Any CPU.Build.0 = Debug|Any CPU
		{2B4CBACB-B6C5-45DF-8015-C4E96F6FE49E}.Release|Any CPU.ActiveCfg = Release|Any CPU
		{2B4CBACB-B6C5-45DF-8015-C4E96F6FE49E}.Release|Any CPU.Build.0 = Release|Any CPU
		{B576CBAD-FD32-4614-BF49-FE852B5508EC}.Debug|Any CPU.ActiveCfg = Debug|Any CPU
		{B576CBAD-FD32-4614-BF49-FE852B5508EC}.Debug|Any CPU.Build.0 = Debug|Any CPU
		{B576CBAD-FD32-4614-BF49-FE852B5508EC}.Release|Any CPU.ActiveCfg = Release|Any CPU
		{B576CBAD-FD32-4614-BF49-FE852B5508EC}.Release|Any CPU.Build.0 = Release|Any CPU
		{A5D82C96-229D-4440-B4BF-B7DB7E13C531}.Debug|Any CPU.ActiveCfg = Debug|Any CPU
		{A5D82C96-229D-4440-B4BF-B7DB7E13C531}.Debug|Any CPU.Build.0 = Debug|Any CPU
		{A5D82C96-229D-4440-B4BF-B7DB7E13C531}.Release|Any CPU.ActiveCfg = Release|Any CPU
		{A5D82C96-229D-4440-B4BF-B7DB7E13C531}.Release|Any CPU.Build.0 = Release|Any CPU
		{2639C61B-30E5-40C1-B9C6-9B66F76096D3}.Debug|Any CPU.ActiveCfg = Debug|Any CPU
		{2639C61B-30E5-40C1-B9C6-9B66F76096D3}.Debug|Any CPU.Build.0 = Debug|Any CPU
		{2639C61B-30E5-40C1-B9C6-9B66F76096D3}.Release|Any CPU.ActiveCfg = Release|Any CPU
		{2639C61B-30E5-40C1-B9C6-9B66F76096D3}.Release|Any CPU.Build.0 = Release|Any CPU
		{F6D28644-3A15-4F53-AB1A-CC9880B84B75}.Debug|Any CPU.ActiveCfg = Debug|Any CPU
		{F6D28644-3A15-4F53-AB1A-CC9880B84B75}.Debug|Any CPU.Build.0 = Debug|Any CPU
		{F6D28644-3A15-4F53-AB1A-CC9880B84B75}.Release|Any CPU.ActiveCfg = Release|Any CPU
		{F6D28644-3A15-4F53-AB1A-CC9880B84B75}.Release|Any CPU.Build.0 = Release|Any CPU
		{B349F704-CAB6-4EC7-BD67-430561216201}.Debug|Any CPU.ActiveCfg = Debug|Any CPU
		{B349F704-CAB6-4EC7-BD67-430561216201}.Debug|Any CPU.Build.0 = Debug|Any CPU
		{B349F704-CAB6-4EC7-BD67-430561216201}.Release|Any CPU.ActiveCfg = Release|Any CPU
		{B349F704-CAB6-4EC7-BD67-430561216201}.Release|Any CPU.Build.0 = Release|Any CPU
	EndGlobalSection
	GlobalSection(SolutionProperties) = preSolution
		HideSolutionNode = FALSE
	EndGlobalSection
	GlobalSection(NestedProjects) = preSolution
		{3BBFA6CF-4EDE-4883-B73A-F597F1C117F7} = {02EA681E-C7D8-13C7-8484-4AC65E1B71E8}
		{2B4CBACB-B6C5-45DF-8015-C4E96F6FE49E} = {3BBFA6CF-4EDE-4883-B73A-F597F1C117F7}
		{D0F7B7E3-404D-45C9-87AE-C5A90551619B} = {02EA681E-C7D8-13C7-8484-4AC65E1B71E8}
		{B576CBAD-FD32-4614-BF49-FE852B5508EC} = {D0F7B7E3-404D-45C9-87AE-C5A90551619B}
		{D275D6A0-063E-4196-9EE1-0E6D1704B176} = {02EA681E-C7D8-13C7-8484-4AC65E1B71E8}
		{A5D82C96-229D-4440-B4BF-B7DB7E13C531} = {D275D6A0-063E-4196-9EE1-0E6D1704B176}
		{2639C61B-30E5-40C1-B9C6-9B66F76096D3} = {D275D6A0-063E-4196-9EE1-0E6D1704B176}
		{F6D28644-3A15-4F53-AB1A-CC9880B84B75} = {D275D6A0-063E-4196-9EE1-0E6D1704B176}
		{B349F704-CAB6-4EC7-BD67-430561216201} = {D275D6A0-063E-4196-9EE1-0E6D1704B176}
	EndGlobalSection
	GlobalSection(ExtensibilityGlobals) = postSolution
		SolutionGuid = {724F82C3-2996-4EBF-B150-336ED28E5DAB}
	EndGlobalSection
EndGlobal
